<?xml version="1.0" encoding="utf-8"?>
<Project ToolsVersion="4.0" xmlns="http://schemas.microsoft.com/developer/msbuild/2003">
  <ItemGroup>
    <ClInclude Include="..\include\UDP.h">
      <Filter>include</Filter>
    </ClInclude>
    <ClInclude Include="..\include\Endian.h">
      <Filter>include</Filter>
    </ClInclude>
    <ClInclude Include="..\include\NetString.h">
      <Filter>include</Filter>
    </ClInclude>
    <ClInclude Include="..\include\os.h">
      <Filter>include</Filter>
    </ClInclude>
    <ClInclude Include="..\include\ProtoBase.h">
      <Filter>include</Filter>
    </ClInclude>
    <ClInclude Include="..\include\SmartPointer.h">
      <Filter>include</Filter>
    </ClInclude>
    <ClInclude Include="..\include\Socket.h">
      <Filter>include</Filter>
    </ClInclude>
    <ClInclude Include="..\include\TCP.h">
      <Filter>include</Filter>
    </ClInclude>
    <ClInclude Include="..\include\HyperText.h">
      <Filter>include</Filter>
    </ClInclude>
  </ItemGroup>
  <ItemGroup>
    <Filter Include="include">
      <UniqueIdentifier>{f12e3028-9fdd-4602-bd21-21276c0df3af}</UniqueIdentifier>
    </Filter>
    <Filter Include="source">
      <UniqueIdentifier>{bbcdd4c0-bd7d-4ccb-bd7c-1c67c8f7a4fa}</UniqueIdentifier>
    </Filter>
  </ItemGroup>
  <ItemGroup>
    <ClCompile Include="..\source\Endian.cpp">
      <Filter>source</Filter>
    </ClCompile>
    <ClCompile Include="..\source\NetString.cpp">
      <Filter>source</Filter>
    </ClCompile>
    <ClCompile Include="..\source\ProtoBase.cpp">
      <Filter>source</Filter>
    </ClCompile>
    <ClCompile Include="..\source\SmartPointer.cpp">
      <Filter>source</Filter>
    </ClCompile>
    <ClCompile Include="..\source\Socket.cpp">
      <Filter>source</Filter>
    </ClCompile>
    <ClCompile Include="..\source\TCP.cpp">
      <Filter>source</Filter>
    </ClCompile>
    <ClCompile Include="..\source\UDP.cpp">
      <Filter>source</Filter>
    </ClCompile>
    <ClCompile Include="..\source\HyperText.cpp">
      <Filter>source</Filter>
    </ClCompile>
  </ItemGroup>
</Project>